// !$*UTF8*$!
{
	archiveVersion = 1;
	classes = {
	};
	objectVersion = 55;
	objects = {

/* Begin PBXBuildFile section */
		2841C64328130EF800731E9C /* AppDelegate.swift in Sources */ = {isa = PBXBuildFile; fileRef = 2841C64228130EF800731E9C /* AppDelegate.swift */; };
		2841C64528130EF800731E9C /* SceneDelegate.swift in Sources */ = {isa = PBXBuildFile; fileRef = 2841C64428130EF800731E9C /* SceneDelegate.swift */; };
		2841C64728130EF800731E9C /* TaskListTableViewController.swift in Sources */ = {isa = PBXBuildFile; fileRef = 2841C64628130EF800731E9C /* TaskListTableViewController.swift */; };
		2841C64A28130EF800731E9C /* Main.storyboard in Resources */ = {isa = PBXBuildFile; fileRef = 2841C64828130EF800731E9C /* Main.storyboard */; };
		2841C64C28130EF900731E9C /* Assets.xcassets in Resources */ = {isa = PBXBuildFile; fileRef = 2841C64B28130EF900731E9C /* Assets.xcassets */; };
		2841C64F28130EF900731E9C /* LaunchScreen.storyboard in Resources */ = {isa = PBXBuildFile; fileRef = 2841C64D28130EF900731E9C /* LaunchScreen.storyboard */; };
		2841C65B2813119700731E9C /* TasksTableViewController.swift in Sources */ = {isa = PBXBuildFile; fileRef = 2841C65A2813119700731E9C /* TasksTableViewController.swift */; };
		2841C65D281311BA00731E9C /* AlertController.swift in Sources */ = {isa = PBXBuildFile; fileRef = 2841C65C281311BA00731E9C /* AlertController.swift */; };
		2841C6612813127A00731E9C /* TaskList.swift in Sources */ = {isa = PBXBuildFile; fileRef = 2841C6602813127A00731E9C /* TaskList.swift */; };
		2841C6632813188300731E9C /* DataManager.swift in Sources */ = {isa = PBXBuildFile; fileRef = 2841C6622813188300731E9C /* DataManager.swift */; };
		2841C665281318D100731E9C /* StorageManager.swift in Sources */ = {isa = PBXBuildFile; fileRef = 2841C664281318D100731E9C /* StorageManager.swift */; };
/* End PBXBuildFile section */

/* Begin PBXFileReference section */
		2841C63F28130EF800731E9C /* RealmFrameworkApp.app */ = {isa = PBXFileReference; explicitFileType = wrapper.application; includeInIndex = 0; path = RealmFrameworkApp.app; sourceTree = BUILT_PRODUCTS_DIR; };
		2841C64228130EF800731E9C /* AppDelegate.swift */ = {isa = PBXFileReference; lastKnownFileType = sourcecode.swift; path = AppDelegate.swift; sourceTree = "<group>"; };
		2841C64428130EF800731E9C /* SceneDelegate.swift */ = {isa = PBXFileReference; lastKnownFileType = sourcecode.swift; path = SceneDelegate.swift; sourceTree = "<group>"; };
		2841C64628130EF800731E9C /* TaskListTableViewController.swift */ = {isa = PBXFileReference; lastKnownFileType = sourcecode.swift; path = TaskListTableViewController.swift; sourceTree = "<group>"; };
		2841C64928130EF800731E9C /* Base */ = {isa = PBXFileReference; lastKnownFileType = file.storyboard; name = Base; path = Base.lproj/Main.storyboard; sourceTree = "<group>"; };
		2841C64B28130EF900731E9C /* Assets.xcassets */ = {isa = PBXFileReference; lastKnownFileType = folder.assetcatalog; path = Assets.xcassets; sourceTree = "<group>"; };
		2841C64E28130EF900731E9C /* Base */ = {isa = PBXFileReference; lastKnownFileType = file.storyboard; name = Base; path = Base.lproj/LaunchScreen.storyboard; sourceTree = "<group>"; };
		2841C65028130EF900731E9C /* Info.plist */ = {isa = PBXFileReference; lastKnownFileType = text.plist.xml; path = Info.plist; sourceTree = "<group>"; };
		2841C65A2813119700731E9C /* TasksTableViewController.swift */ = {isa = PBXFileReference; lastKnownFileType = sourcecode.swift; path = TasksTableViewController.swift; sourceTree = "<group>"; };
		2841C65C281311BA00731E9C /* AlertController.swift */ = {isa = PBXFileReference; lastKnownFileType = sourcecode.swift; path = AlertController.swift; sourceTree = "<group>"; };
		2841C6602813127A00731E9C /* TaskList.swift */ = {isa = PBXFileReference; lastKnownFileType = sourcecode.swift; path = TaskList.swift; sourceTree = "<group>"; };
		2841C6622813188300731E9C /* DataManager.swift */ = {isa = PBXFileReference; lastKnownFileType = sourcecode.swift; path = DataManager.swift; sourceTree = "<group>"; };
		2841C664281318D100731E9C /* StorageManager.swift */ = {isa = PBXFileReference; lastKnownFileType = sourcecode.swift; path = StorageManager.swift; sourceTree = "<group>"; };
/* End PBXFileReference section */

/* Begin PBXFrameworksBuildPhase section */
		2841C63C28130EF800731E9C /* Frameworks */ = {
			isa = PBXFrameworksBuildPhase;
			buildActionMask = 2147483647;
			files = (
			);
			runOnlyForDeploymentPostprocessing = 0;
		};
/* End PBXFrameworksBuildPhase section */

/* Begin PBXGroup section */
		2841C63628130EF800731E9C = {
			isa = PBXGroup;
			children = (
				2841C64128130EF800731E9C /* RealmFrameworkApp */,
				2841C64028130EF800731E9C /* Products */,
			);
			sourceTree = "<group>";
		};
		2841C64028130EF800731E9C /* Products */ = {
			isa = PBXGroup;
			children = (
				2841C63F28130EF800731E9C /* RealmFrameworkApp.app */,
			);
			name = Products;
			sourceTree = "<group>";
		};
		2841C64128130EF800731E9C /* RealmFrameworkApp */ = {
			isa = PBXGroup;
			children = (
				2841C65628130F0100731E9C /* App */,
				2841C65728130F0600731E9C /* ViewControllers */,
				2841C65E281311C600731E9C /* Models */,
				2841C65F281311CF00731E9C /* Services */,
				2841C65828130F1000731E9C /* Storyboards */,
				2841C65928130F1900731E9C /* Resources */,
			);
			path = RealmFrameworkApp;
			sourceTree = "<group>";
		};
		2841C65628130F0100731E9C /* App */ = {
			isa = PBXGroup;
			children = (
				2841C64228130EF800731E9C /* AppDelegate.swift */,
				2841C64428130EF800731E9C /* SceneDelegate.swift */,
				2841C65028130EF900731E9C /* Info.plist */,
			);
			path = App;
			sourceTree = "<group>";
		};
		2841C65728130F0600731E9C /* ViewControllers */ = {
			isa = PBXGroup;
			children = (
				2841C64628130EF800731E9C /* TaskListTableViewController.swift */,
				2841C65A2813119700731E9C /* TasksTableViewController.swift */,
				2841C65C281311BA00731E9C /* AlertController.swift */,
			);
			path = ViewControllers;
			sourceTree = "<group>";
		};
		2841C65828130F1000731E9C /* Storyboards */ = {
			isa = PBXGroup;
			children = (
				2841C64828130EF800731E9C /* Main.storyboard */,
				2841C64D28130EF900731E9C /* LaunchScreen.storyboard */,
			);
			path = Storyboards;
			sourceTree = "<group>";
		};
		2841C65928130F1900731E9C /* Resources */ = {
			isa = PBXGroup;
			children = (
				2841C64B28130EF900731E9C /* Assets.xcassets */,
			);
			path = Resources;
			sourceTree = "<group>";
		};
		2841C65E281311C600731E9C /* Models */ = {
			isa = PBXGroup;
			children = (
				2841C6602813127A00731E9C /* TaskList.swift */,
			);
			path = Models;
			sourceTree = "<group>";
		};
		2841C65F281311CF00731E9C /* Services */ = {
			isa = PBXGroup;
			children = (
				2841C6622813188300731E9C /* DataManager.swift */,
				2841C664281318D100731E9C /* StorageManager.swift */,
			);
			path = Services;
			sourceTree = "<group>";
		};
/* End PBXGroup section */

/* Begin PBXNativeTarget section */
		2841C63E28130EF800731E9C /* RealmFrameworkApp */ = {
			isa = PBXNativeTarget;
			buildConfigurationList = 2841C65328130EF900731E9C /* Build configuration list for PBXNativeTarget "RealmFrameworkApp" */;
			buildPhases = (
				2841C63B28130EF800731E9C /* Sources */,
				2841C63C28130EF800731E9C /* Frameworks */,
				2841C63D28130EF800731E9C /* Resources */,
			);
			buildRules = (
			);
			dependencies = (
			);
			name = RealmFrameworkApp;
			productName = RealmFrameworkApp;
			productReference = 2841C63F28130EF800731E9C /* RealmFrameworkApp.app */;
			productType = "com.apple.product-type.application";
		};
/* End PBXNativeTarget section */

/* Begin PBXProject section */
		2841C63728130EF800731E9C /* Project object */ = {
			isa = PBXProject;
			attributes = {
				BuildIndependentTargetsInParallel = 1;
				LastSwiftUpdateCheck = 1330;
				LastUpgradeCheck = 1330;
				TargetAttributes = {
					2841C63E28130EF800731E9C = {
						CreatedOnToolsVersion = 13.3.1;
					};
				};
			};
			buildConfigurationList = 2841C63A28130EF800731E9C /* Build configuration list for PBXProject "RealmFrameworkApp" */;
			compatibilityVersion = "Xcode 13.0";
			developmentRegion = en;
			hasScannedForEncodings = 0;
			knownRegions = (
				en,
				Base,
			);
			mainGroup = 2841C63628130EF800731E9C;
			productRefGroup = 2841C64028130EF800731E9C /* Products */;
			projectDirPath = "";
			projectRoot = "";
			targets = (
				2841C63E28130EF800731E9C /* RealmFrameworkApp */,
			);
		};
/* End PBXProject section */

/* Begin PBXResourcesBuildPhase section */
		2841C63D28130EF800731E9C /* Resources */ = {
			isa = PBXResourcesBuildPhase;
			buildActionMask = 2147483647;
			files = (
				2841C64F28130EF900731E9C /* LaunchScreen.storyboard in Resources */,
				2841C64C28130EF900731E9C /* Assets.xcassets in Resources */,
				2841C64A28130EF800731E9C /* Main.storyboard in Resources */,
			);
			runOnlyForDeploymentPostprocessing = 0;
		};
/* End PBXResourcesBuildPhase section */

/* Begin PBXSourcesBuildPhase section */
		2841C63B28130EF800731E9C /* Sources */ = {
			isa = PBXSourcesBuildPhase;
			buildActionMask = 2147483647;
			files = (
				2841C6612813127A00731E9C /* TaskList.swift in Sources */,
				2841C64728130EF800731E9C /* TaskListTableViewController.swift in Sources */,
				2841C65D281311BA00731E9C /* AlertController.swift in Sources */,
				2841C6632813188300731E9C /* DataManager.swift in Sources */,
				2841C64328130EF800731E9C /* AppDelegate.swift in Sources */,
				2841C65B2813119700731E9C /* TasksTableViewController.swift in Sources */,
				2841C64528130EF800731E9C /* SceneDelegate.swift in Sources */,
				2841C665281318D100731E9C /* StorageManager.swift in Sources */,
			);
			runOnlyForDeploymentPostprocessing = 0;
		};
/* End PBXSourcesBuildPhase section */

/* Begin PBXVariantGroup section */
		2841C64828130EF800731E9C /* Main.storyboard */ = {
			isa = PBXVariantGroup;
			children = (
				2841C64928130EF800731E9C /* Base */,
			);
			name = Main.storyboard;
			sourceTree = "<group>";
		};
		2841C64D28130EF900731E9C /* LaunchScreen.storyboard */ = {
			isa = PBXVariantGroup;
			children = (
				2841C64E28130EF900731E9C /* Base */,
			);
			name = LaunchScreen.storyboard;
			sourceTree = "<group>";
		};
/* End PBXVariantGroup section */

/* Begin XCBuildConfiguration section */
		2841C65128130EF900731E9C /* Debug */ = {
			isa = XCBuildConfiguration;
			buildSettings = {
				ALWAYS_SEARCH_USER_PATHS = NO;
				CLANG_ANALYZER_NONNULL = YES;
				CLANG_ANALYZER_NUMBER_OBJECT_CONVERSION = YES_AGGRESSIVE;
				CLANG_CXX_LANGUAGE_STANDARD = "gnu++17";
				CLANG_ENABLE_MODULES = YES;
				CLANG_ENABLE_OBJC_ARC = YES;
				CLANG_ENABLE_OBJC_WEAK = YES;
				CLANG_WARN_BLOCK_CAPTURE_AUTORELEASING = YES;
				CLANG_WARN_BOOL_CONVERSION = YES;
				CLANG_WARN_COMMA = YES;
				CLANG_WARN_CONSTANT_CONVERSION = YES;
				CLANG_WARN_DEPRECATED_OBJC_IMPLEMENTATIONS = YES;
				CLANG_WARN_DIRECT_OBJC_ISA_USAGE = YES_ERROR;
				CLANG_WARN_DOCUMENTATION_COMMENTS = YES;
				CLANG_WARN_EMPTY_BODY = YES;
				CLANG_WARN_ENUM_CONVERSION = YES;
				CLANG_WARN_INFINITE_RECURSION = YES;
				CLANG_WARN_INT_CONVERSION = YES;
				CLANG_WARN_NON_LITERAL_NULL_CONVERSION = YES;
				CLANG_WARN_OBJC_IMPLICIT_RETAIN_SELF = YES;
				CLANG_WARN_OBJC_LITERAL_CONVERSION = YES;
				CLANG_WARN_OBJC_ROOT_CLASS = YES_ERROR;
				CLANG_WARN_QUOTED_INCLUDE_IN_FRAMEWORK_HEADER = YES;
				CLANG_WARN_RANGE_LOOP_ANALYSIS = YES;
				CLANG_WARN_STRICT_PROTOTYPES = YES;
				CLANG_WARN_SUSPICIOUS_MOVE = YES;
				CLANG_WARN_UNGUARDED_AVAILABILITY = YES_AGGRESSIVE;
				CLANG_WARN_UNREACHABLE_CODE = YES;
				CLANG_WARN__DUPLICATE_METHOD_MATCH = YES;
				COPY_PHASE_STRIP = NO;
				DEBUG_INFORMATION_FORMAT = dwarf;
				ENABLE_STRICT_OBJC_MSGSEND = YES;
				ENABLE_TESTABILITY = YES;
				GCC_C_LANGUAGE_STANDARD = gnu11;
				GCC_DYNAMIC_NO_PIC = NO;
				GCC_NO_COMMON_BLOCKS = YES;
				GCC_OPTIMIZATION_LEVEL = 0;
				GCC_PREPROCESSOR_DEFINITIONS = (
					"DEBUG=1",
					"$(inherited)",
				);
				GCC_WARN_64_TO_32_BIT_CONVERSION = YES;
				GCC_WARN_ABOUT_RETURN_TYPE = YES_ERROR;
				GCC_WARN_UNDECLARED_SELECTOR = YES;
				GCC_WARN_UNINITIALIZED_AUTOS = YES_AGGRESSIVE;
				GCC_WARN_UNUSED_FUNCTION = YES;
				GCC_WARN_UNUSED_VARIABLE = YES;
				IPHONEOS_DEPLOYMENT_TARGET = 15.4;
				MTL_ENABLE_DEBUG_INFO = INCLUDE_SOURCE;
				MTL_FAST_MATH = YES;
				ONLY_ACTIVE_ARCH = YES;
				SDKROOT = iphoneos;
				SWIFT_ACTIVE_COMPILATION_CONDITIONS = DEBUG;
				SWIFT_OPTIMIZATION_LEVEL = "-Onone";
			};
			name = Debug;
		};
		2841C65228130EF900731E9C /* Release */ = {
			isa = XCBuildConfiguration;
			buildSettings = {
				ALWAYS_SEARCH_USER_PATHS = NO;
				CLANG_ANALYZER_NONNULL = YES;
				CLANG_ANALYZER_NUMBER_OBJECT_CONVERSION = YES_AGGRESSIVE;
				CLANG_CXX_LANGUAGE_STANDARD = "gnu++17";
				CLANG_ENABLE_MODULES = YES;
				CLANG_ENABLE_OBJC_ARC = YES;
				CLANG_ENABLE_OBJC_WEAK = YES;
				CLANG_WARN_BLOCK_CAPTURE_AUTORELEASING = YES;
				CLANG_WARN_BOOL_CONVERSION = YES;
				CLANG_WARN_COMMA = YES;
				CLANG_WARN_CONSTANT_CONVERSION = YES;
				CLANG_WARN_DEPRECATED_OBJC_IMPLEMENTATIONS = YES;
				CLANG_WARN_DIRECT_OBJC_ISA_USAGE = YES_ERROR;
				CLANG_WARN_DOCUMENTATION_COMMENTS = YES;
				CLANG_WARN_EMPTY_BODY = YES;
				CLANG_WARN_ENUM_CONVERSION = YES;
				CLANG_WARN_INFINITE_RECURSION = YES;
				CLANG_WARN_INT_CONVERSION = YES;
				CLANG_WARN_NON_LITERAL_NULL_CONVERSION = YES;
				CLANG_WARN_OBJC_IMPLICIT_RETAIN_SELF = YES;
				CLANG_WARN_OBJC_LITERAL_CONVERSION = YES;
				CLANG_WARN_OBJC_ROOT_CLASS = YES_ERROR;
				CLANG_WARN_QUOTED_INCLUDE_IN_FRAMEWORK_HEADER = YES;
				CLANG_WARN_RANGE_LOOP_ANALYSIS = YES;
				CLANG_WARN_STRICT_PROTOTYPES = YES;
				CLANG_WARN_SUSPICIOUS_MOVE = YES;
				CLANG_WARN_UNGUARDED_AVAILABILITY = YES_AGGRESSIVE;
				CLANG_WARN_UNREACHABLE_CODE = YES;
				CLANG_WARN__DUPLICATE_METHOD_MATCH = YES;
				COPY_PHASE_STRIP = NO;
				DEBUG_INFORMATION_FORMAT = "dwarf-with-dsym";
				ENABLE_NS_ASSERTIONS = NO;
				ENABLE_STRICT_OBJC_MSGSEND = YES;
				GCC_C_LANGUAGE_STANDARD = gnu11;
				GCC_NO_COMMON_BLOCKS = YES;
				GCC_WARN_64_TO_32_BIT_CONVERSION = YES;
				GCC_WARN_ABOUT_RETURN_TYPE = YES_ERROR;
				GCC_WARN_UNDECLARED_SELECTOR = YES;
				GCC_WARN_UNINITIALIZED_AUTOS = YES_AGGRESSIVE;
				GCC_WARN_UNUSED_FUNCTION = YES;
				GCC_WARN_UNUSED_VARIABLE = YES;
				IPHONEOS_DEPLOYMENT_TARGET = 15.4;
				MTL_ENABLE_DEBUG_INFO = NO;
				MTL_FAST_MATH = YES;
				SDKROOT = iphoneos;
				SWIFT_COMPILATION_MODE = wholemodule;
				SWIFT_OPTIMIZATION_LEVEL = "-O";
				VALIDATE_PRODUCT = YES;
			};
			name = Release;
		};
		2841C65428130EF900731E9C /* Debug */ = {
			isa = XCBuildConfiguration;
			buildSettings = {
				ASSETCATALOG_COMPILER_APPICON_NAME = AppIcon;
				ASSETCATALOG_COMPILER_GLOBAL_ACCENT_COLOR_NAME = AccentColor;
				CODE_SIGN_STYLE = Automatic;
				CURRENT_PROJECT_VERSION = 1;
				DEVELOPMENT_TEAM = 6P96P67U8G;
				GENERATE_INFOPLIST_FILE = YES;
				INFOPLIST_FILE = RealmFrameworkApp/App/Info.plist;
				INFOPLIST_KEY_UIApplicationSupportsIndirectInputEvents = YES;
				INFOPLIST_KEY_UILaunchStoryboardName = LaunchScreen;
				INFOPLIST_KEY_UIMainStoryboardFile = Main;
				INFOPLIST_KEY_UISupportedInterfaceOrientations_iPad = "UIInterfaceOrientationPortrait UIInterfaceOrientationPortraitUpsideDown UIInterfaceOrientationLandscapeLeft UIInterfaceOrientationLandscapeRight";
				INFOPLIST_KEY_UISupportedInterfaceOrientations_iPhone = "UIInterfaceOrientationPortrait UIInterfaceOrientationLandscapeLeft UIInterfaceOrientationLandscapeRight";
				LD_RUNPATH_SEARCH_PATHS = (
					"$(inherited)",
					"@executable_path/Frameworks",
				);
				MARKETING_VERSION = 1.0;
				PRODUCT_BUNDLE_IDENTIFIER = alexrybachev.RealmFrameworkApp;
				PRODUCT_NAME = "$(TARGET_NAME)";
				SWIFT_EMIT_LOC_STRINGS = YES;
				SWIFT_VERSION = 5.0;
				TARGETED_DEVICE_FAMILY = "1,2";
			};
			name = Debug;
		};
		2841C65528130EF900731E9C /* Release */ = {
			isa = XCBuildConfiguration;
			buildSettings = {
				ASSETCATALOG_COMPILER_APPICON_NAME = AppIcon;
				ASSETCATALOG_COMPILER_GLOBAL_ACCENT_COLOR_NAME = AccentColor;
				CODE_SIGN_STYLE = Automatic;
				CURRENT_PROJECT_VERSION = 1;
				DEVELOPMENT_TEAM = 6P96P67U8G;
				GENERATE_INFOPLIST_FILE = YES;
				INFOPLIST_FILE = RealmFrameworkApp/App/Info.plist;
				INFOPLIST_KEY_UIApplicationSupportsIndirectInputEvents = YES;
				INFOPLIST_KEY_UILaunchStoryboardName = LaunchScreen;
				INFOPLIST_KEY_UIMainStoryboardFile = Main;
				INFOPLIST_KEY_UISupportedInterfaceOrientations_iPad = "UIInterfaceOrientationPortrait UIInterfaceOrientationPortraitUpsideDown UIInterfaceOrientationLandscapeLeft UIInterfaceOrientationLandscapeRight";
				INFOPLIST_KEY_UISupportedInterfaceOrientations_iPhone = "UIInterfaceOrientationPortrait UIInterfaceOrientationLandscapeLeft UIInterfaceOrientationLandscapeRight";
				LD_RUNPATH_SEARCH_PATHS = (
					"$(inherited)",
					"@executable_path/Frameworks",
				);
				MARKETING_VERSION = 1.0;
				PRODUCT_BUNDLE_IDENTIFIER = alexrybachev.RealmFrameworkApp;
				PRODUCT_NAME = "$(TARGET_NAME)";
				SWIFT_EMIT_LOC_STRINGS = YES;
				SWIFT_VERSION = 5.0;
				TARGETED_DEVICE_FAMILY = "1,2";
			};
			name = Release;
		};
/* End XCBuildConfiguration section */

/* Begin XCConfigurationList section */
		2841C63A28130EF800731E9C /* Build configuration list for PBXProject "RealmFrameworkApp" */ = {
			isa = XCConfigurationList;
			buildConfigurations = (
				2841C65128130EF900731E9C /* Debug */,
				2841C65228130EF900731E9C /* Release */,
			);
			defaultConfigurationIsVisible = 0;
			defaultConfigurationName = Release;
		};
		2841C65328130EF900731E9C /* Build configuration list for PBXNativeTarget "RealmFrameworkApp" */ = {
			isa = XCConfigurationList;
			buildConfigurations = (
				2841C65428130EF900731E9C /* Debug */,
				2841C65528130EF900731E9C /* Release */,
			);
			defaultConfigurationIsVisible = 0;
			defaultConfigurationName = Release;
		};
/* End XCConfigurationList section */
	};
	rootObject = 2841C63728130EF800731E9C /* Project object */;
}
